{
	"name": "solidity",
	"version": "1.0.0",
	"lockfileVersion": 3,
	"requires": true,
	"packages": {
		"": {
			"version": "1.0.0",
			"license": "ISC",
			"devDependencies": {
				"@types/node": "22.13.10",
				"funtypes": "5.1.1",
				"solc": "0.8.29",
				"typescript": "5.8.2",
				"viem": "2.23.12"
			}
		},
		"node_modules/@adraffy/ens-normalize": {
			"version": "1.11.0",
			"resolved": "https://registry.npmjs.org/@adraffy/ens-normalize/-/ens-normalize-1.11.0.tgz",
			"integrity": "sha512-/3DDPKHqqIqxUULp8yP4zODUY1i+2xvVWsv8A79xGWdCAG+8sb0hRh0Rk2QyOJUnnbyPUAZYcpBuRe3nS2OIUg==",
			"dev": true
		},
		"node_modules/@noble/curves": {
			"version": "1.8.1",
			"resolved": "https://registry.npmjs.org/@noble/curves/-/curves-1.8.1.tgz",
			"integrity": "sha512-warwspo+UYUPep0Q+vtdVB4Ugn8GGQj8iyB3gnRWsztmUHTI3S1nhdiWNsPUGL0vud7JlRRk1XEu7Lq1KGTnMQ==",
			"dev": true,
			"dependencies": {
				"@noble/hashes": "1.7.1"
			},
			"engines": {
				"node": "^14.21.3 || >=16"
			},
			"funding": {
				"url": "https://paulmillr.com/funding/"
			}
		},
		"node_modules/@noble/hashes": {
			"version": "1.7.1",
			"resolved": "https://registry.npmjs.org/@noble/hashes/-/hashes-1.7.1.tgz",
			"integrity": "sha512-B8XBPsn4vT/KJAGqDzbwztd+6Yte3P4V7iafm24bxgDe/mlRuK6xmWPuCNrKt2vDafZ8MfJLlchDG/vYafQEjQ==",
			"dev": true,
			"engines": {
				"node": "^14.21.3 || >=16"
			},
			"funding": {
				"url": "https://paulmillr.com/funding/"
			}
		},
		"node_modules/@scure/base": {
			"version": "1.2.4",
			"resolved": "https://registry.npmjs.org/@scure/base/-/base-1.2.4.tgz",
			"integrity": "sha512-5Yy9czTO47mqz+/J8GM6GIId4umdCk1wc1q8rKERQulIoc8VP9pzDcghv10Tl2E7R96ZUx/PhND3ESYUQX8NuQ==",
			"dev": true,
			"funding": {
				"url": "https://paulmillr.com/funding/"
			}
		},
		"node_modules/@scure/bip32": {
			"version": "1.6.2",
			"resolved": "https://registry.npmjs.org/@scure/bip32/-/bip32-1.6.2.tgz",
			"integrity": "sha512-t96EPDMbtGgtb7onKKqxRLfE5g05k7uHnHRM2xdE6BP/ZmxaLtPek4J4KfVn/90IQNrU1IOAqMgiDtUdtbe3nw==",
			"dev": true,
			"dependencies": {
				"@noble/curves": "~1.8.1",
				"@noble/hashes": "~1.7.1",
				"@scure/base": "~1.2.2"
			},
			"funding": {
				"url": "https://paulmillr.com/funding/"
			}
		},
		"node_modules/@scure/bip39": {
			"version": "1.5.4",
			"resolved": "https://registry.npmjs.org/@scure/bip39/-/bip39-1.5.4.tgz",
			"integrity": "sha512-TFM4ni0vKvCfBpohoh+/lY05i9gRbSwXWngAsF4CABQxoaOHijxuaZ2R6cStDQ5CHtHO9aGJTr4ksVJASRRyMA==",
			"dev": true,
			"dependencies": {
				"@noble/hashes": "~1.7.1",
				"@scure/base": "~1.2.4"
			},
			"funding": {
				"url": "https://paulmillr.com/funding/"
			}
		},
		"node_modules/@types/node": {
			"version": "22.13.10",
			"resolved": "https://registry.npmjs.org/@types/node/-/node-22.13.10.tgz",
			"integrity": "sha512-I6LPUvlRH+O6VRUqYOcMudhaIdUVWfsjnZavnsraHvpBwaEyMN29ry+0UVJhImYL16xsscu0aske3yA+uPOWfw==",
			"dev": true,
			"dependencies": {
				"undici-types": "~6.20.0"
			}
		},
		"node_modules/abitype": {
			"version": "1.0.8",
			"resolved": "https://registry.npmjs.org/abitype/-/abitype-1.0.8.tgz",
			"integrity": "sha512-ZeiI6h3GnW06uYDLx0etQtX/p8E24UaHHBj57RSjK7YBFe7iuVn07EDpOeP451D06sF27VOz9JJPlIKJmXgkEg==",
			"dev": true,
			"funding": {
				"url": "https://github.com/sponsors/wevm"
			},
			"peerDependencies": {
				"typescript": ">=5.0.4",
				"zod": "^3 >=3.22.0"
			},
			"peerDependenciesMeta": {
				"typescript": {
					"optional": true
				},
				"zod": {
					"optional": true
				}
			}
		},
		"node_modules/command-exists": {
			"version": "1.2.9",
			"resolved": "https://registry.npmjs.org/command-exists/-/command-exists-1.2.9.tgz",
			"integrity": "sha512-LTQ/SGc+s0Xc0Fu5WaKnR0YiygZkm9eKFvyS+fRsU7/ZWFF8ykFM6Pc9aCVf1+xasOOZpO3BAVgVrKvsqKHV7w==",
			"dev": true
		},
		"node_modules/commander": {
			"version": "8.3.0",
			"resolved": "https://registry.npmjs.org/commander/-/commander-8.3.0.tgz",
			"integrity": "sha512-OkTL9umf+He2DZkUq8f8J9of7yL6RJKI24dVITBmNfZBmri9zYZQrKkuXiKhyfPSu8tUhnVBB1iKXevvnlR4Ww==",
			"dev": true,
			"engines": {
				"node": ">= 12"
			}
		},
		"node_modules/eventemitter3": {
			"version": "5.0.1",
			"resolved": "https://registry.npmjs.org/eventemitter3/-/eventemitter3-5.0.1.tgz",
			"integrity": "sha512-GWkBvjiSZK87ELrYOSESUYeVIc9mvLLf/nXalMOS5dYrgZq9o5OVkbZAVM06CVxYsCwH9BDZFPlQTlPA1j4ahA==",
			"dev": true
		},
		"node_modules/follow-redirects": {
			"version": "1.15.9",
			"resolved": "https://registry.npmjs.org/follow-redirects/-/follow-redirects-1.15.9.tgz",
			"integrity": "sha512-gew4GsXizNgdoRyqmyfMHyAmXsZDk6mHkSxZFCzW9gwlbtOW44CDtYavM+y+72qD/Vq2l550kMF52DT8fOLJqQ==",
			"dev": true,
			"funding": [
				{
					"type": "individual",
					"url": "https://github.com/sponsors/RubenVerborgh"
				}
			],
			"engines": {
				"node": ">=4.0"
			},
			"peerDependenciesMeta": {
				"debug": {
					"optional": true
				}
			}
		},
		"node_modules/funtypes": {
			"version": "5.1.1",
			"resolved": "https://registry.npmjs.org/funtypes/-/funtypes-5.1.1.tgz",
			"integrity": "sha512-JdOe6zAk3kzTTuoTKrdshe16mr8FwuNzUnSg5gZpeJxMYFiY0LaIec9A4/VHK8Z3fSnm09eMrH93vaHE2R0J5Q==",
			"dev": true
		},
		"node_modules/isows": {
			"version": "1.0.6",
			"resolved": "https://registry.npmjs.org/isows/-/isows-1.0.6.tgz",
			"integrity": "sha512-lPHCayd40oW98/I0uvgaHKWCSvkzY27LjWLbtzOm64yQ+G3Q5npjjbdppU65iZXkK1Zt+kH9pfegli0AYfwYYw==",
			"dev": true,
			"funding": [
				{
					"type": "github",
					"url": "https://github.com/sponsors/wevm"
				}
			],
			"peerDependencies": {
				"ws": "*"
			}
		},
		"node_modules/js-sha3": {
			"version": "0.8.0",
			"resolved": "https://registry.npmjs.org/js-sha3/-/js-sha3-0.8.0.tgz",
			"integrity": "sha512-gF1cRrHhIzNfToc802P800N8PpXS+evLLXfsVpowqmAFR9uwbi89WvXg2QspOmXL8QL86J4T1EpFu+yUkwJY3Q==",
			"dev": true
		},
		"node_modules/memorystream": {
			"version": "0.3.1",
			"resolved": "https://registry.npmjs.org/memorystream/-/memorystream-0.3.1.tgz",
			"integrity": "sha512-S3UwM3yj5mtUSEfP41UZmt/0SCoVYUcU1rkXv+BQ5Ig8ndL4sPoJNBUJERafdPb5jjHJGuMgytgKvKIf58XNBw==",
			"dev": true,
			"engines": {
				"node": ">= 0.10.0"
			}
		},
		"node_modules/os-tmpdir": {
			"version": "1.0.2",
			"resolved": "https://registry.npmjs.org/os-tmpdir/-/os-tmpdir-1.0.2.tgz",
			"integrity": "sha512-D2FR03Vir7FIu45XBY20mTb+/ZSWB00sjU9jdQXt83gDrI4Ztz5Fs7/yy74g2N5SVQY4xY1qDr4rNddwYRVX0g==",
			"dev": true,
			"engines": {
				"node": ">=0.10.0"
			}
		},
		"node_modules/ox": {
			"version": "0.6.9",
			"resolved": "https://registry.npmjs.org/ox/-/ox-0.6.9.tgz",
			"integrity": "sha512-wi5ShvzE4eOcTwQVsIPdFr+8ycyX+5le/96iAJutaZAvCes1J0+RvpEPg5QDPDiaR0XQQAvZVl7AwqQcINuUug==",
			"dev": true,
			"funding": [
				{
					"type": "github",
					"url": "https://github.com/sponsors/wevm"
				}
			],
			"dependencies": {
				"@adraffy/ens-normalize": "^1.10.1",
				"@noble/curves": "^1.6.0",
				"@noble/hashes": "^1.5.0",
				"@scure/bip32": "^1.5.0",
				"@scure/bip39": "^1.4.0",
				"abitype": "^1.0.6",
				"eventemitter3": "5.0.1"
			},
			"peerDependencies": {
				"typescript": ">=5.4.0"
			},
			"peerDependenciesMeta": {
				"typescript": {
					"optional": true
				}
			}
		},
		"node_modules/semver": {
			"version": "5.7.2",
			"resolved": "https://registry.npmjs.org/semver/-/semver-5.7.2.tgz",
			"integrity": "sha512-cBznnQ9KjJqU67B52RMC65CMarK2600WFnbkcaiwWq3xy/5haFJlshgnpjovMVJ+Hff49d8GEn0b87C5pDQ10g==",
			"dev": true,
			"bin": {
				"semver": "bin/semver"
			}
		},
		"node_modules/solc": {
			"version": "0.8.29",
			"resolved": "https://registry.npmjs.org/solc/-/solc-0.8.29.tgz",
			"integrity": "sha512-M1hmcsejAtT1RWC+wy45Oi8a82nSnDl65wDzA3/8uWTC7R7VcnrMVIHv6/LHqnQPZ7OM2RIeKh3zpNo4E5lYbw==",
			"dev": true,
			"dependencies": {
				"command-exists": "^1.2.8",
				"commander": "^8.1.0",
				"follow-redirects": "^1.12.1",
				"js-sha3": "0.8.0",
				"memorystream": "^0.3.1",
				"semver": "^5.5.0",
				"tmp": "0.0.33"
			},
			"bin": {
				"solcjs": "solc.js"
			},
			"engines": {
				"node": ">=12.0.0"
			}
		},
		"node_modules/tmp": {
			"version": "0.0.33",
			"resolved": "https://registry.npmjs.org/tmp/-/tmp-0.0.33.tgz",
			"integrity": "sha512-jRCJlojKnZ3addtTOjdIqoRuPEKBvNXcGYqzO6zWZX8KfKEpnGY5jfggJQ3EjKuu8D4bJRr0y+cYJFmYbImXGw==",
			"dev": true,
			"dependencies": {
				"os-tmpdir": "~1.0.2"
			},
			"engines": {
				"node": ">=0.6.0"
			}
		},
		"node_modules/typescript": {
			"version": "5.8.2",
			"resolved": "https://registry.npmjs.org/typescript/-/typescript-5.8.2.tgz",
			"integrity": "sha512-aJn6wq13/afZp/jT9QZmwEjDqqvSGp1VT5GVg+f/t6/oVyrgXM6BY1h9BRh/O5p3PlUPAe+WuiEZOmb/49RqoQ==",
			"dev": true,
			"bin": {
				"tsc": "bin/tsc",
				"tsserver": "bin/tsserver"
			},
			"engines": {
				"node": ">=14.17"
			}
		},
		"node_modules/undici-types": {
			"version": "6.20.0",
			"resolved": "https://registry.npmjs.org/undici-types/-/undici-types-6.20.0.tgz",
			"integrity": "sha512-Ny6QZ2Nju20vw1SRHe3d9jVu6gJ+4e3+MMpqu7pqE5HT6WsTSlce++GQmK5UXS8mzV8DSYHrQH+Xrf2jVcuKNg==",
			"dev": true
		},
		"node_modules/viem": {
			"version": "2.23.12",
			"resolved": "https://registry.npmjs.org/viem/-/viem-2.23.12.tgz",
			"integrity": "sha512-zq2mL4KcUfpVMLMaKjwzRG3akjjVUo9AhaNohrQ86ufltX1aUxapE+Z6YQ0U6F6MBQEMBgLiFTWgalgVDWqQyQ==",
			"dev": true,
			"funding": [
				{
					"type": "github",
					"url": "https://github.com/sponsors/wevm"
				}
			],
			"dependencies": {
				"@noble/curves": "1.8.1",
				"@noble/hashes": "1.7.1",
				"@scure/bip32": "1.6.2",
				"@scure/bip39": "1.5.4",
				"abitype": "1.0.8",
				"isows": "1.0.6",
				"ox": "0.6.9",
				"ws": "8.18.1"
			},
			"peerDependencies": {
				"typescript": ">=5.0.4"
			},
			"peerDependenciesMeta": {
				"typescript": {
					"optional": true
				}
			}
		},
		"node_modules/ws": {
			"version": "8.18.1",
			"resolved": "https://registry.npmjs.org/ws/-/ws-8.18.1.tgz",
			"integrity": "sha512-RKW2aJZMXeMxVpnZ6bck+RswznaxmzdULiBr6KY7XkTnW8uvt0iT9H5DkHUChXrc+uurzwa0rVI16n/Xzjdz1w==",
			"dev": true,
			"engines": {
				"node": ">=10.0.0"
			},
			"peerDependencies": {
				"bufferutil": "^4.0.1",
				"utf-8-validate": ">=5.0.2"
			},
			"peerDependenciesMeta": {
				"bufferutil": {
					"optional": true
				},
				"utf-8-validate": {
					"optional": true
				}
			}
		}
	}
}
